{
  "version": 4,
  "terraform_version": "1.5.7",
  "serial": 11,
  "lineage": "7b2a1923-01a7-c35b-7778-4341e5067107",
  "outputs": {},
  "resources": [
    {
      "mode": "managed",
      "type": "local_file",
      "name": "pet",
      "provider": "provider[\"registry.terraform.io/hashicorp/local\"]",
      "instances": [
        {
          "schema_version": 0,
          "attributes": {
            "content": "FO",
            "content_base64": null,
            "content_base64sha256": "5uZPDR7qztFRNGwMGmlqAEm9HMrErVNRbQgNzXiDv1s=",
            "content_base64sha512": "7u649hQcFroc29hpwZY/wVi9vKfgNozc2jkSw8bMZb15IwogbqDJcHfh7OropqP+etlMJEUpKKvxvMEgBfpmAA==",
            "content_md5": "c0398fb66542bbcf6e14417a0a6751f4",
            "content_sha1": "c54ea639ebb7f77a6cb7ec59153ec89ea9801708",
            "content_sha256": "e6e64f0d1eeaced151346c0c1a696a0049bd1ccac4ad53516d080dcd7883bf5b",
            "content_sha512": "eeeeb8f6141c16ba1cdbd869c1963fc158bdbca7e0368cdcda3912c3c6cc65bd79230a206ea0c97077e1eceae8a6a3fe7ad94c24452928abf1bcc12005fa6600",
            "directory_permission": "0777",
            "file_permission": "0777",
            "filename": "/Users/manikhanth.katti/Desktop/terraform-local/pets.txt",
            "id": "c54ea639ebb7f77a6cb7ec59153ec89ea9801708",
            "sensitive_content": null,
            "source": null
          },
          "sensitive_attributes": []
        }
      ]
    },
    {
      "mode": "managed",
      "type": "random_pet",
      "name": "pet",
      "provider": "provider[\"registry.terraform.io/hashicorp/random\"]",
      "instances": [
        {
          "schema_version": 0,
          "attributes": {
            "id": "Mr.mammal",
            "keepers": null,
            "length": 1,
            "prefix": "Mr",
            "separator": "."
          },
          "sensitive_attributes": []
        }
      ]
    },
    {
      "mode": "managed",
      "type": "random_string",
      "name": "random",
      "provider": "provider[\"registry.terraform.io/hashicorp/random\"]",
      "instances": [
        {
          "schema_version": 2,
          "attributes": {
            "id": "rw8s�pQoCn@XOct@",
            "keepers": null,
            "length": 16,
            "lower": true,
            "min_lower": 0,
            "min_numeric": 0,
            "min_special": 0,
            "min_upper": 0,
            "number": true,
            "numeric": true,
            "override_special": "/@£$",
            "result": "rw8s�pQoCn@XOct@",
            "special": true,
            "upper": true
          },
          "sensitive_attributes": []
        }
      ]
    }
  ],
  "check_results": null
}
