{
  "version": 4,
  "terraform_version": "1.5.7",
  "serial": 14,
  "lineage": "7b2a1923-01a7-c35b-7778-4341e5067107",
  "outputs": {},
  "resources": [
    {
      "mode": "managed",
      "type": "local_file",
      "name": "pet",
      "provider": "provider[\"registry.terraform.io/hashicorp/local\"]",
      "instances": [
        {
          "schema_version": 0,
          "attributes": {
            "content": "My fav pet is Mr.mammal",
            "content_base64": null,
            "content_base64sha256": "RWPW5syYsfAQ/3Yx1hriZe4G4Pubf6/WV5Az/LbJUcc=",
            "content_base64sha512": "o7YeGPgFeeZhZE/AH0Cf+ywUvm/f7Fv0IEvnfuxLTRbIOLbqlSEEiskHA9gMOF2v/HhgQCtDbO3BcMELFMnLlw==",
            "content_md5": "2a9bb78cfb2b58c2ac4b35b957df2b2a",
            "content_sha1": "2c798de92ddea37ae28ca32498811064bc6f42e4",
            "content_sha256": "4563d6e6cc98b1f010ff7631d61ae265ee06e0fb9b7fafd6579033fcb6c951c7",
            "content_sha512": "a3b61e18f80579e661644fc01f409ffb2c14be6fdfec5bf4204be77eec4b4d16c838b6ea9521048ac90703d80c385daffc7860402b436cedc170c10b14c9cb97",
            "directory_permission": "0777",
            "file_permission": "0777",
            "filename": "/Users/manikhanth.katti/Desktop/terraform-local/pets.txt",
            "id": "2c798de92ddea37ae28ca32498811064bc6f42e4",
            "sensitive_content": null,
            "source": null
          },
          "sensitive_attributes": [],
          "dependencies": [
            "random_pet.pet"
          ]
        }
      ]
    },
    {
      "mode": "managed",
      "type": "random_pet",
      "name": "pet",
      "provider": "provider[\"registry.terraform.io/hashicorp/random\"]",
      "instances": [
        {
          "schema_version": 0,
          "attributes": {
            "id": "Mr.mammal",
            "keepers": null,
            "length": 1,
            "prefix": "Mr",
            "separator": "."
          },
          "sensitive_attributes": []
        }
      ]
    },
    {
      "mode": "managed",
      "type": "random_string",
      "name": "random",
      "provider": "provider[\"registry.terraform.io/hashicorp/random\"]",
      "instances": [
        {
          "schema_version": 2,
          "attributes": {
            "id": "rw8s�pQoCn@XOct@",
            "keepers": null,
            "length": 16,
            "lower": true,
            "min_lower": 0,
            "min_numeric": 0,
            "min_special": 0,
            "min_upper": 0,
            "number": true,
            "numeric": true,
            "override_special": "/@£$",
            "result": "rw8s�pQoCn@XOct@",
            "special": true,
            "upper": true
          },
          "sensitive_attributes": []
        }
      ]
    }
  ],
  "check_results": null
}
